
Microsoft Visual Studio Solution File, Format Version 12.00
# Visual Studio Version 17
VisualStudioVersion = 17.5.33530.505
MinimumVisualStudioVersion = 10.0.40219.1
Project("{8BC9CEB8-8B4A-11D0-8D11-00A0C91BC942}") = "AprendiendoCPP", "AprendiendoCPP\AprendiendoCPP.vcxproj", "{CA2DBF52-48AC-40BE-8C8F-922829EDAE1A}"
EndProject
Global
	GlobalSection(SolutionConfigurationPlatforms) = preSolution
		Debug|x64 = Debug|x64
		Debug|x86 = Debug|x86
		Release|x64 = Release|x64
		Release|x86 = Release|x86
	EndGlobalSection
	GlobalSection(ProjectConfigurationPlatforms) = postSolution
		{CA2DBF52-48AC-40BE-8C8F-922829EDAE1A}.Debug|x64.ActiveCfg = Debug|x64
		{CA2DBF52-48AC-40BE-8C8F-922829EDAE1A}.Debug|x64.Build.0 = Debug|x64
		{CA2DBF52-48AC-40BE-8C8F-922829EDAE1A}.Debug|x86.ActiveCfg = Debug|Win32
		{CA2DBF52-48AC-40BE-8C8F-922829EDAE1A}.Debug|x86.Build.0 = Debug|Win32
		{CA2DBF52-48AC-40BE-8C8F-922829EDAE1A}.Release|x64.ActiveCfg = Release|x64
		{CA2DBF52-48AC-40BE-8C8F-922829EDAE1A}.Release|x64.Build.0 = Release|x64
		{CA2DBF52-48AC-40BE-8C8F-922829EDAE1A}.Release|x86.ActiveCfg = Release|Win32
		{CA2DBF52-48AC-40BE-8C8F-922829EDAE1A}.Release|x86.Build.0 = Release|Win32
	EndGlobalSection
	GlobalSection(SolutionProperties) = preSolution
		HideSolutionNode = FALSE
	EndGlobalSection
	GlobalSection(ExtensibilityGlobals) = postSolution
		SolutionGuid = {B377AB0C-424E-4C11-B76F-FB8665938F93}
	EndGlobalSection
EndGlobal
